
Microsoft Visual Studio Solution File, Format Version 12.00
# Visual Studio 15
Project("{FAE04EC0-301F-11D3-BF4B-00C04F79EFBC}") = "Ink-Libraries", "Ink-Libraries.csproj", "{59049F81-771B-6BCB-5B39-F23BBB1A8520}"
EndProject
Project("{FAE04EC0-301F-11D3-BF4B-00C04F79EFBC}") = "Assembly-CSharp", "Assembly-CSharp.csproj", "{B3C5C6AE-88A6-4E50-4EC5-103B09A08A97}"
EndProject
Project("{FAE04EC0-301F-11D3-BF4B-00C04F79EFBC}") = "Assembly-CSharp-Editor", "Assembly-CSharp-Editor.csproj", "{5D23C546-07A0-2D0F-F2C0-29801A172B2E}"
EndProject
Project("{FAE04EC0-301F-11D3-BF4B-00C04F79EFBC}") = "InkEditor", "InkEditor.csproj", "{FE107AD6-AEA0-BF9C-69FA-EAF9162FDA29}"
EndProject
Global
	GlobalSection(SolutionConfigurationPlatforms) = preSolution
		Debug|Any CPU = Debug|Any CPU
		Release|Any CPU = Release|Any CPU
	EndGlobalSection
	GlobalSection(ProjectConfigurationPlatforms) = postSolution
		{59049F81-771B-6BCB-5B39-F23BBB1A8520}.Debug|Any CPU.ActiveCfg = Debug|Any CPU
		{59049F81-771B-6BCB-5B39-F23BBB1A8520}.Debug|Any CPU.Build.0 = Debug|Any CPU
		{59049F81-771B-6BCB-5B39-F23BBB1A8520}.Release|Any CPU.ActiveCfg = Release|Any CPU
		{59049F81-771B-6BCB-5B39-F23BBB1A8520}.Release|Any CPU.Build.0 = Release|Any CPU
		{B3C5C6AE-88A6-4E50-4EC5-103B09A08A97}.Debug|Any CPU.ActiveCfg = Debug|Any CPU
		{B3C5C6AE-88A6-4E50-4EC5-103B09A08A97}.Debug|Any CPU.Build.0 = Debug|Any CPU
		{B3C5C6AE-88A6-4E50-4EC5-103B09A08A97}.Release|Any CPU.ActiveCfg = Release|Any CPU
		{B3C5C6AE-88A6-4E50-4EC5-103B09A08A97}.Release|Any CPU.Build.0 = Release|Any CPU
		{5D23C546-07A0-2D0F-F2C0-29801A172B2E}.Debug|Any CPU.ActiveCfg = Debug|Any CPU
		{5D23C546-07A0-2D0F-F2C0-29801A172B2E}.Debug|Any CPU.Build.0 = Debug|Any CPU
		{5D23C546-07A0-2D0F-F2C0-29801A172B2E}.Release|Any CPU.ActiveCfg = Release|Any CPU
		{5D23C546-07A0-2D0F-F2C0-29801A172B2E}.Release|Any CPU.Build.0 = Release|Any CPU
		{FE107AD6-AEA0-BF9C-69FA-EAF9162FDA29}.Debug|Any CPU.ActiveCfg = Debug|Any CPU
		{FE107AD6-AEA0-BF9C-69FA-EAF9162FDA29}.Debug|Any CPU.Build.0 = Debug|Any CPU
		{FE107AD6-AEA0-BF9C-69FA-EAF9162FDA29}.Release|Any CPU.ActiveCfg = Release|Any CPU
		{FE107AD6-AEA0-BF9C-69FA-EAF9162FDA29}.Release|Any CPU.Build.0 = Release|Any CPU
	EndGlobalSection
	GlobalSection(SolutionProperties) = preSolution
		HideSolutionNode = FALSE
	EndGlobalSection
EndGlobal
